
Microsoft Visual Studio Solution File, Format Version 12.00
Project("{FAE04EC0-301F-11D3-BF4B-00C04F79EFBC}") = "Auth.Api", "Auth.Api\Auth.Api.csproj", "{9F3BFD94-87AA-488A-95C9-B99B6A1EFC11}"
EndProject
Project("{FAE04EC0-301F-11D3-BF4B-00C04F79EFBC}") = "Auth.Core", "Auth.Core\Auth.Core.csproj", "{21FE6334-06E8-46F7-A1E1-3170C34B4E6E}"
EndProject
Project("{FAE04EC0-301F-11D3-BF4B-00C04F79EFBC}") = "Auth.Infrastructure", "Auth.Infrastructure\Auth.Infrastructure.csproj", "{2CCC76D4-A5F9-461E-B2D2-FE8122D4FBC7}"
EndProject
Global
	GlobalSection(SolutionConfigurationPlatforms) = preSolution
		Debug|Any CPU = Debug|Any CPU
		Release|Any CPU = Release|Any CPU
	EndGlobalSection
	GlobalSection(ProjectConfigurationPlatforms) = postSolution
		{9F3BFD94-87AA-488A-95C9-B99B6A1EFC11}.Debug|Any CPU.ActiveCfg = Debug|Any CPU
		{9F3BFD94-87AA-488A-95C9-B99B6A1EFC11}.Debug|Any CPU.Build.0 = Debug|Any CPU
		{9F3BFD94-87AA-488A-95C9-B99B6A1EFC11}.Release|Any CPU.ActiveCfg = Release|Any CPU
		{9F3BFD94-87AA-488A-95C9-B99B6A1EFC11}.Release|Any CPU.Build.0 = Release|Any CPU
		{21FE6334-06E8-46F7-A1E1-3170C34B4E6E}.Debug|Any CPU.ActiveCfg = Debug|Any CPU
		{21FE6334-06E8-46F7-A1E1-3170C34B4E6E}.Debug|Any CPU.Build.0 = Debug|Any CPU
		{21FE6334-06E8-46F7-A1E1-3170C34B4E6E}.Release|Any CPU.ActiveCfg = Release|Any CPU
		{21FE6334-06E8-46F7-A1E1-3170C34B4E6E}.Release|Any CPU.Build.0 = Release|Any CPU
		{2CCC76D4-A5F9-461E-B2D2-FE8122D4FBC7}.Debug|Any CPU.ActiveCfg = Debug|Any CPU
		{2CCC76D4-A5F9-461E-B2D2-FE8122D4FBC7}.Debug|Any CPU.Build.0 = Debug|Any CPU
		{2CCC76D4-A5F9-461E-B2D2-FE8122D4FBC7}.Release|Any CPU.ActiveCfg = Release|Any CPU
		{2CCC76D4-A5F9-461E-B2D2-FE8122D4FBC7}.Release|Any CPU.Build.0 = Release|Any CPU
	EndGlobalSection
EndGlobal
